
Microsoft Visual Studio Solution File, Format Version 12.00
# Visual Studio Version 16
VisualStudioVersion = 16.0.29411.108
MinimumVisualStudioVersion = 10.0.40219.1
Project("{FAE04EC0-301F-11D3-BF4B-00C04F79EFBC}") = "GSVM", "GSVM\GSVM.csproj", "{46FB98A3-B251-4119-8E29-077B23D8FDB4}"
EndProject
Project("{2150E333-8FDC-42A3-9474-1A3956D46DE8}") = "Tests", "Tests", "{0E98765B-B29A-4C49-87B0-F76DDD0D571C}"
EndProject
Project("{FAE04EC0-301F-11D3-BF4B-00C04F79EFBC}") = "TestProject", "TestProject\TestProject.csproj", "{7F814DAC-B669-4DC9-991B-381A0B58A95A}"
EndProject
Project("{FAE04EC0-301F-11D3-BF4B-00C04F79EFBC}") = "VMDebugger", "VMDebugger\VMDebugger.csproj", "{E624C146-FA9C-424B-A273-DB787105D83F}"
EndProject
Project("{FAE04EC0-301F-11D3-BF4B-00C04F79EFBC}") = "CPU1", "GSVM.Components.Processors.CPU_1\CPU1.csproj", "{8DF80B65-CA6E-48A3-9419-36F6C17F16DF}"
EndProject
Project("{FAE04EC0-301F-11D3-BF4B-00C04F79EFBC}") = "CPU1Assembler", "CPU1Assembler\CPU1Assembler.csproj", "{8FB1F413-9A0F-4FDA-9C6D-37717675DA9F}"
EndProject
Project("{FAE04EC0-301F-11D3-BF4B-00C04F79EFBC}") = "DisplayAdapters", "DisplayAdapters\DisplayAdapters.csproj", "{2B7E3CF9-5031-4686-9825-04EB9E7AA950}"
EndProject
Project("{2150E333-8FDC-42A3-9474-1A3956D46DE8}") = "Peripherals", "Peripherals", "{E1BF43F1-90AD-4820-A00D-A16491B13A35}"
EndProject
Project("{FAE04EC0-301F-11D3-BF4B-00C04F79EFBC}") = "Monitors", "Monitors\Monitors.csproj", "{CC61EEB8-D2D4-4F63-8112-43488B38EDD3}"
EndProject
Project("{FAE04EC0-301F-11D3-BF4B-00C04F79EFBC}") = "IODevices", "IODevices\IODevices.csproj", "{005F605F-28F6-40DC-9B20-87C1E55DD45B}"
EndProject
Project("{2150E333-8FDC-42A3-9474-1A3956D46DE8}") = "Compilers", "Compilers", "{060B3FE5-5786-47B9-9D9D-A518D826EEF7}"
EndProject
Project("{2150E333-8FDC-42A3-9474-1A3956D46DE8}") = "GSIL", "GSIL", "{85C3778E-0E16-4C5B-B977-B52E8B1A6F60}"
EndProject
Project("{FAE04EC0-301F-11D3-BF4B-00C04F79EFBC}") = "GSIL", "GSIL\GSIL.csproj", "{49BDC77B-8267-4BF3-8846-96668E3E6A2A}"
EndProject
Project("{FAE04EC0-301F-11D3-BF4B-00C04F79EFBC}") = "Compiler", "Compiler\Compiler.csproj", "{BC9A9B16-4D74-4A29-9FCB-CFADB9EB839C}"
EndProject
Project("{2150E333-8FDC-42A3-9474-1A3956D46DE8}") = "GSASM_", "GSASM_", "{2CCD4160-7B9A-463F-95BF-CC2D43FA839D}"
EndProject
Project("{9A19103F-16F7-4668-BE54-9A1E7A4F7556}") = "GSASM", "GSASM\GSASM.csproj", "{B530CEDE-8F86-47BF-A8A3-DD7B5DB0459C}"
EndProject
Project("{2150E333-8FDC-42A3-9474-1A3956D46DE8}") = "GSASMTest", "GSASMTest", "{8C53AF97-7669-400D-86B0-7430BFE63930}"
EndProject
Project("{FAE04EC0-301F-11D3-BF4B-00C04F79EFBC}") = "GSASMTest", "GSASMTest\GSASMTest.csproj", "{D8B51AA8-431D-4A45-969D-807EE7594ABA}"
EndProject
Project("{2150E333-8FDC-42A3-9474-1A3956D46DE8}") = "Tools", "Tools", "{6BFA2C82-F1B7-49AA-9E00-FA6470A74F32}"
EndProject
Project("{FAE04EC0-301F-11D3-BF4B-00C04F79EFBC}") = "VirtualDisk", "VirtualDisk\VirtualDisk.csproj", "{A5F622C1-CBC9-40F4-8A9F-B27BE0ABFB91}"
EndProject
Project("{FAE04EC0-301F-11D3-BF4B-00C04F79EFBC}") = "VirtualDiskCMD", "VirtualDiskCMD\VirtualDiskCMD.csproj", "{0F10B577-1538-4642-93F1-86F2B9048251}"
EndProject
Global
	GlobalSection(SolutionConfigurationPlatforms) = preSolution
		Debug|Any CPU = Debug|Any CPU
		Release|Any CPU = Release|Any CPU
	EndGlobalSection
	GlobalSection(ProjectConfigurationPlatforms) = postSolution
		{46FB98A3-B251-4119-8E29-077B23D8FDB4}.Debug|Any CPU.ActiveCfg = Debug|Any CPU
		{46FB98A3-B251-4119-8E29-077B23D8FDB4}.Debug|Any CPU.Build.0 = Debug|Any CPU
		{46FB98A3-B251-4119-8E29-077B23D8FDB4}.Release|Any CPU.ActiveCfg = Release|Any CPU
		{46FB98A3-B251-4119-8E29-077B23D8FDB4}.Release|Any CPU.Build.0 = Release|Any CPU
		{7F814DAC-B669-4DC9-991B-381A0B58A95A}.Debug|Any CPU.ActiveCfg = Debug|Any CPU
		{7F814DAC-B669-4DC9-991B-381A0B58A95A}.Debug|Any CPU.Build.0 = Debug|Any CPU
		{7F814DAC-B669-4DC9-991B-381A0B58A95A}.Release|Any CPU.ActiveCfg = Release|Any CPU
		{7F814DAC-B669-4DC9-991B-381A0B58A95A}.Release|Any CPU.Build.0 = Release|Any CPU
		{E624C146-FA9C-424B-A273-DB787105D83F}.Debug|Any CPU.ActiveCfg = Debug|Any CPU
		{E624C146-FA9C-424B-A273-DB787105D83F}.Debug|Any CPU.Build.0 = Debug|Any CPU
		{E624C146-FA9C-424B-A273-DB787105D83F}.Release|Any CPU.ActiveCfg = Release|Any CPU
		{E624C146-FA9C-424B-A273-DB787105D83F}.Release|Any CPU.Build.0 = Release|Any CPU
		{8DF80B65-CA6E-48A3-9419-36F6C17F16DF}.Debug|Any CPU.ActiveCfg = Debug|Any CPU
		{8DF80B65-CA6E-48A3-9419-36F6C17F16DF}.Debug|Any CPU.Build.0 = Debug|Any CPU
		{8DF80B65-CA6E-48A3-9419-36F6C17F16DF}.Release|Any CPU.ActiveCfg = Release|Any CPU
		{8DF80B65-CA6E-48A3-9419-36F6C17F16DF}.Release|Any CPU.Build.0 = Release|Any CPU
		{8FB1F413-9A0F-4FDA-9C6D-37717675DA9F}.Debug|Any CPU.ActiveCfg = Debug|Any CPU
		{8FB1F413-9A0F-4FDA-9C6D-37717675DA9F}.Debug|Any CPU.Build.0 = Debug|Any CPU
		{8FB1F413-9A0F-4FDA-9C6D-37717675DA9F}.Release|Any CPU.ActiveCfg = Release|Any CPU
		{8FB1F413-9A0F-4FDA-9C6D-37717675DA9F}.Release|Any CPU.Build.0 = Release|Any CPU
		{2B7E3CF9-5031-4686-9825-04EB9E7AA950}.Debug|Any CPU.ActiveCfg = Debug|Any CPU
		{2B7E3CF9-5031-4686-9825-04EB9E7AA950}.Debug|Any CPU.Build.0 = Debug|Any CPU
		{2B7E3CF9-5031-4686-9825-04EB9E7AA950}.Release|Any CPU.ActiveCfg = Release|Any CPU
		{2B7E3CF9-5031-4686-9825-04EB9E7AA950}.Release|Any CPU.Build.0 = Release|Any CPU
		{CC61EEB8-D2D4-4F63-8112-43488B38EDD3}.Debug|Any CPU.ActiveCfg = Debug|Any CPU
		{CC61EEB8-D2D4-4F63-8112-43488B38EDD3}.Debug|Any CPU.Build.0 = Debug|Any CPU
		{CC61EEB8-D2D4-4F63-8112-43488B38EDD3}.Release|Any CPU.ActiveCfg = Release|Any CPU
		{CC61EEB8-D2D4-4F63-8112-43488B38EDD3}.Release|Any CPU.Build.0 = Release|Any CPU
		{005F605F-28F6-40DC-9B20-87C1E55DD45B}.Debug|Any CPU.ActiveCfg = Debug|Any CPU
		{005F605F-28F6-40DC-9B20-87C1E55DD45B}.Debug|Any CPU.Build.0 = Debug|Any CPU
		{005F605F-28F6-40DC-9B20-87C1E55DD45B}.Release|Any CPU.ActiveCfg = Release|Any CPU
		{005F605F-28F6-40DC-9B20-87C1E55DD45B}.Release|Any CPU.Build.0 = Release|Any CPU
		{49BDC77B-8267-4BF3-8846-96668E3E6A2A}.Debug|Any CPU.ActiveCfg = Debug|Any CPU
		{49BDC77B-8267-4BF3-8846-96668E3E6A2A}.Debug|Any CPU.Build.0 = Debug|Any CPU
		{49BDC77B-8267-4BF3-8846-96668E3E6A2A}.Release|Any CPU.ActiveCfg = Release|Any CPU
		{49BDC77B-8267-4BF3-8846-96668E3E6A2A}.Release|Any CPU.Build.0 = Release|Any CPU
		{BC9A9B16-4D74-4A29-9FCB-CFADB9EB839C}.Debug|Any CPU.ActiveCfg = Debug|Any CPU
		{BC9A9B16-4D74-4A29-9FCB-CFADB9EB839C}.Debug|Any CPU.Build.0 = Debug|Any CPU
		{BC9A9B16-4D74-4A29-9FCB-CFADB9EB839C}.Release|Any CPU.ActiveCfg = Release|Any CPU
		{BC9A9B16-4D74-4A29-9FCB-CFADB9EB839C}.Release|Any CPU.Build.0 = Release|Any CPU
		{B530CEDE-8F86-47BF-A8A3-DD7B5DB0459C}.Debug|Any CPU.ActiveCfg = Debug|Any CPU
		{B530CEDE-8F86-47BF-A8A3-DD7B5DB0459C}.Debug|Any CPU.Build.0 = Debug|Any CPU
		{B530CEDE-8F86-47BF-A8A3-DD7B5DB0459C}.Release|Any CPU.ActiveCfg = Release|Any CPU
		{B530CEDE-8F86-47BF-A8A3-DD7B5DB0459C}.Release|Any CPU.Build.0 = Release|Any CPU
		{D8B51AA8-431D-4A45-969D-807EE7594ABA}.Debug|Any CPU.ActiveCfg = Debug|Any CPU
		{D8B51AA8-431D-4A45-969D-807EE7594ABA}.Debug|Any CPU.Build.0 = Debug|Any CPU
		{D8B51AA8-431D-4A45-969D-807EE7594ABA}.Release|Any CPU.ActiveCfg = Release|Any CPU
		{D8B51AA8-431D-4A45-969D-807EE7594ABA}.Release|Any CPU.Build.0 = Release|Any CPU
		{A5F622C1-CBC9-40F4-8A9F-B27BE0ABFB91}.Debug|Any CPU.ActiveCfg = Debug|Any CPU
		{A5F622C1-CBC9-40F4-8A9F-B27BE0ABFB91}.Debug|Any CPU.Build.0 = Debug|Any CPU
		{A5F622C1-CBC9-40F4-8A9F-B27BE0ABFB91}.Release|Any CPU.ActiveCfg = Release|Any CPU
		{A5F622C1-CBC9-40F4-8A9F-B27BE0ABFB91}.Release|Any CPU.Build.0 = Release|Any CPU
		{0F10B577-1538-4642-93F1-86F2B9048251}.Debug|Any CPU.ActiveCfg = Debug|Any CPU
		{0F10B577-1538-4642-93F1-86F2B9048251}.Debug|Any CPU.Build.0 = Debug|Any CPU
		{0F10B577-1538-4642-93F1-86F2B9048251}.Release|Any CPU.ActiveCfg = Release|Any CPU
		{0F10B577-1538-4642-93F1-86F2B9048251}.Release|Any CPU.Build.0 = Release|Any CPU
	EndGlobalSection
	GlobalSection(SolutionProperties) = preSolution
		HideSolutionNode = FALSE
	EndGlobalSection
	GlobalSection(NestedProjects) = preSolution
		{7F814DAC-B669-4DC9-991B-381A0B58A95A} = {0E98765B-B29A-4C49-87B0-F76DDD0D571C}
		{E624C146-FA9C-424B-A273-DB787105D83F} = {0E98765B-B29A-4C49-87B0-F76DDD0D571C}
		{8FB1F413-9A0F-4FDA-9C6D-37717675DA9F} = {0E98765B-B29A-4C49-87B0-F76DDD0D571C}
		{CC61EEB8-D2D4-4F63-8112-43488B38EDD3} = {E1BF43F1-90AD-4820-A00D-A16491B13A35}
		{005F605F-28F6-40DC-9B20-87C1E55DD45B} = {E1BF43F1-90AD-4820-A00D-A16491B13A35}
		{85C3778E-0E16-4C5B-B977-B52E8B1A6F60} = {060B3FE5-5786-47B9-9D9D-A518D826EEF7}
		{49BDC77B-8267-4BF3-8846-96668E3E6A2A} = {85C3778E-0E16-4C5B-B977-B52E8B1A6F60}
		{BC9A9B16-4D74-4A29-9FCB-CFADB9EB839C} = {060B3FE5-5786-47B9-9D9D-A518D826EEF7}
		{2CCD4160-7B9A-463F-95BF-CC2D43FA839D} = {060B3FE5-5786-47B9-9D9D-A518D826EEF7}
		{B530CEDE-8F86-47BF-A8A3-DD7B5DB0459C} = {2CCD4160-7B9A-463F-95BF-CC2D43FA839D}
		{8C53AF97-7669-400D-86B0-7430BFE63930} = {060B3FE5-5786-47B9-9D9D-A518D826EEF7}
		{D8B51AA8-431D-4A45-969D-807EE7594ABA} = {8C53AF97-7669-400D-86B0-7430BFE63930}
		{A5F622C1-CBC9-40F4-8A9F-B27BE0ABFB91} = {6BFA2C82-F1B7-49AA-9E00-FA6470A74F32}
		{0F10B577-1538-4642-93F1-86F2B9048251} = {6BFA2C82-F1B7-49AA-9E00-FA6470A74F32}
	EndGlobalSection
	GlobalSection(ExtensibilityGlobals) = postSolution
		SolutionGuid = {90011052-5E0C-4D29-9833-AB803D4E589B}
	EndGlobalSection
EndGlobal
